
Microsoft Visual Studio Solution File, Format Version 12.00
# Visual Studio Version 16
VisualStudioVersion = 16.0.29306.81
MinimumVisualStudioVersion = 10.0.40219.1
Project("{FAE04EC0-301F-11D3-BF4B-00C04F79EFBC}") = "OOP", "OOP\OOP.csproj", "{A23D2DD7-C00F-4C7A-89B2-D3793E5A72CF}"
EndProject
Global
	GlobalSection(SolutionConfigurationPlatforms) = preSolution
		Debug|Any CPU = Debug|Any CPU
		Release|Any CPU = Release|Any CPU
	EndGlobalSection
	GlobalSection(ProjectConfigurationPlatforms) = postSolution
		{A23D2DD7-C00F-4C7A-89B2-D3793E5A72CF}.Debug|Any CPU.ActiveCfg = Debug|Any CPU
		{A23D2DD7-C00F-4C7A-89B2-D3793E5A72CF}.Debug|Any CPU.Build.0 = Debug|Any CPU
		{A23D2DD7-C00F-4C7A-89B2-D3793E5A72CF}.Release|Any CPU.ActiveCfg = Release|Any CPU
		{A23D2DD7-C00F-4C7A-89B2-D3793E5A72CF}.Release|Any CPU.Build.0 = Release|Any CPU
	EndGlobalSection
	GlobalSection(SolutionProperties) = preSolution
		HideSolutionNode = FALSE
	EndGlobalSection
	GlobalSection(ExtensibilityGlobals) = postSolution
		SolutionGuid = {8EFCBD9E-8B22-4DAF-A33D-0EFF628EBCAC}
	EndGlobalSection
EndGlobal
